// !$*UTF8*$!
{
	archiveVersion = 1;
	classes = {
	};
	objectVersion = 46;
	objects = {

/* Begin PBXBuildFile section */
		44166FB71F5FF9B600FB65B4 /* main.m in Sources */ = {isa = PBXBuildFile; fileRef = 44166FB61F5FF9B600FB65B4 /* main.m */; };
		44166FBA1F5FF9B700FB65B4 /* AppDelegate.m in Sources */ = {isa = PBXBuildFile; fileRef = 44166FB91F5FF9B700FB65B4 /* AppDelegate.m */; };
		44166FBD1F5FF9B700FB65B4 /* ViewController.m in Sources */ = {isa = PBXBuildFile; fileRef = 44166FBC1F5FF9B700FB65B4 /* ViewController.m */; };
		44166FC01F5FF9B700FB65B4 /* Main.storyboard in Resources */ = {isa = PBXBuildFile; fileRef = 44166FBE1F5FF9B700FB65B4 /* Main.storyboard */; };
		44166FC21F5FF9B700FB65B4 /* Assets.xcassets in Resources */ = {isa = PBXBuildFile; fileRef = 44166FC11F5FF9B700FB65B4 /* Assets.xcassets */; };
		44166FC51F5FF9B700FB65B4 /* LaunchScreen.storyboard in Resources */ = {isa = PBXBuildFile; fileRef = 44166FC31F5FF9B700FB65B4 /* LaunchScreen.storyboard */; };
		44166FD01F5FF9B700FB65B4 /* _______Tests.m in Sources */ = {isa = PBXBuildFile; fileRef = 44166FCF1F5FF9B700FB65B4 /* _______Tests.m */; };
		44166FDB1F5FF9B700FB65B4 /* _______UITests.m in Sources */ = {isa = PBXBuildFile; fileRef = 44166FDA1F5FF9B700FB65B4 /* _______UITests.m */; };
		44166FED1F6001AA00FB65B4 /* JMMainViewController.m in Sources */ = {isa = PBXBuildFile; fileRef = 44166FEC1F6001AA00FB65B4 /* JMMainViewController.m */; };
/* End PBXBuildFile section */

/* Begin PBXContainerItemProxy section */
		44166FCC1F5FF9B700FB65B4 /* PBXContainerItemProxy */ = {
			isa = PBXContainerItemProxy;
			containerPortal = 44166FAA1F5FF9B600FB65B4 /* Project object */;
			proxyType = 1;
			remoteGlobalIDString = 44166FB11F5FF9B600FB65B4;
			remoteInfo = "万能控制器跳转";
		};
		44166FD71F5FF9B700FB65B4 /* PBXContainerItemProxy */ = {
			isa = PBXContainerItemProxy;
			containerPortal = 44166FAA1F5FF9B600FB65B4 /* Project object */;
			proxyType = 1;
			remoteGlobalIDString = 44166FB11F5FF9B600FB65B4;
			remoteInfo = "万能控制器跳转";
		};
/* End PBXContainerItemProxy section */

/* Begin PBXFileReference section */
		44166FB21F5FF9B600FB65B4 /* 万能控制器跳转.app */ = {isa = PBXFileReference; explicitFileType = wrapper.application; includeInIndex = 0; path = "万能控制器跳转.app"; sourceTree = BUILT_PRODUCTS_DIR; };
		44166FB61F5FF9B600FB65B4 /* main.m */ = {isa = PBXFileReference; lastKnownFileType = sourcecode.c.objc; path = main.m; sourceTree = "<group>"; };
		44166FB81F5FF9B600FB65B4 /* AppDelegate.h */ = {isa = PBXFileReference; lastKnownFileType = sourcecode.c.h; path = AppDelegate.h; sourceTree = "<group>"; };
		44166FB91F5FF9B700FB65B4 /* AppDelegate.m */ = {isa = PBXFileReference; lastKnownFileType = sourcecode.c.objc; path = AppDelegate.m; sourceTree = "<group>"; };
		44166FBB1F5FF9B700FB65B4 /* ViewController.h */ = {isa = PBXFileReference; lastKnownFileType = sourcecode.c.h; path = ViewController.h; sourceTree = "<group>"; };
		44166FBC1F5FF9B700FB65B4 /* ViewController.m */ = {isa = PBXFileReference; lastKnownFileType = sourcecode.c.objc; path = ViewController.m; sourceTree = "<group>"; };
		44166FBF1F5FF9B700FB65B4 /* Base */ = {isa = PBXFileReference; lastKnownFileType = file.storyboard; name = Base; path = Base.lproj/Main.storyboard; sourceTree = "<group>"; };
		44166FC11F5FF9B700FB65B4 /* Assets.xcassets */ = {isa = PBXFileReference; lastKnownFileType = folder.assetcatalog; path = Assets.xcassets; sourceTree = "<group>"; };
		44166FC41F5FF9B700FB65B4 /* Base */ = {isa = PBXFileReference; lastKnownFileType = file.storyboard; name = Base; path = Base.lproj/LaunchScreen.storyboard; sourceTree = "<group>"; };
		44166FC61F5FF9B700FB65B4 /* Info.plist */ = {isa = PBXFileReference; lastKnownFileType = text.plist.xml; path = Info.plist; sourceTree = "<group>"; };
		44166FCB1F5FF9B700FB65B4 /* 万能控制器跳转Tests.xctest */ = {isa = PBXFileReference; explicitFileType = wrapper.cfbundle; includeInIndex = 0; path = "万能控制器跳转Tests.xctest"; sourceTree = BUILT_PRODUCTS_DIR; };
		44166FCF1F5FF9B700FB65B4 /* _______Tests.m */ = {isa = PBXFileReference; lastKnownFileType = sourcecode.c.objc; path = "_______Tests.m"; sourceTree = "<group>"; };
		44166FD11F5FF9B700FB65B4 /* Info.plist */ = {isa = PBXFileReference; lastKnownFileType = text.plist.xml; path = Info.plist; sourceTree = "<group>"; };
		44166FD61F5FF9B700FB65B4 /* 万能控制器跳转UITests.xctest */ = {isa = PBXFileReference; explicitFileType = wrapper.cfbundle; includeInIndex = 0; path = "万能控制器跳转UITests.xctest"; sourceTree = BUILT_PRODUCTS_DIR; };
		44166FDA1F5FF9B700FB65B4 /* _______UITests.m */ = {isa = PBXFileReference; lastKnownFileType = sourcecode.c.objc; path = "_______UITests.m"; sourceTree = "<group>"; };
		44166FDC1F5FF9B700FB65B4 /* Info.plist */ = {isa = PBXFileReference; lastKnownFileType = text.plist.xml; path = Info.plist; sourceTree = "<group>"; };
		44166FEB1F6001AA00FB65B4 /* JMMainViewController.h */ = {isa = PBXFileReference; fileEncoding = 4; lastKnownFileType = sourcecode.c.h; path = JMMainViewController.h; sourceTree = "<group>"; };
		44166FEC1F6001AA00FB65B4 /* JMMainViewController.m */ = {isa = PBXFileReference; fileEncoding = 4; lastKnownFileType = sourcecode.c.objc; path = JMMainViewController.m; sourceTree = "<group>"; };
/* End PBXFileReference section */

/* Begin PBXFrameworksBuildPhase section */
		44166FAF1F5FF9B600FB65B4 /* Frameworks */ = {
			isa = PBXFrameworksBuildPhase;
			buildActionMask = 2147483647;
			files = (
			);
			runOnlyForDeploymentPostprocessing = 0;
		};
		44166FC81F5FF9B700FB65B4 /* Frameworks */ = {
			isa = PBXFrameworksBuildPhase;
			buildActionMask = 2147483647;
			files = (
			);
			runOnlyForDeploymentPostprocessing = 0;
		};
		44166FD31F5FF9B700FB65B4 /* Frameworks */ = {
			isa = PBXFrameworksBuildPhase;
			buildActionMask = 2147483647;
			files = (
			);
			runOnlyForDeploymentPostprocessing = 0;
		};
/* End PBXFrameworksBuildPhase section */

/* Begin PBXGroup section */
		44166FA91F5FF9B600FB65B4 = {
			isa = PBXGroup;
			children = (
				44166FB41F5FF9B600FB65B4 /* 万能控制器跳转 */,
				44166FCE1F5FF9B700FB65B4 /* 万能控制器跳转Tests */,
				44166FD91F5FF9B700FB65B4 /* 万能控制器跳转UITests */,
				44166FB31F5FF9B600FB65B4 /* Products */,
			);
			sourceTree = "<group>";
		};
		44166FB31F5FF9B600FB65B4 /* Products */ = {
			isa = PBXGroup;
			children = (
				44166FB21F5FF9B600FB65B4 /* 万能控制器跳转.app */,
				44166FCB1F5FF9B700FB65B4 /* 万能控制器跳转Tests.xctest */,
				44166FD61F5FF9B700FB65B4 /* 万能控制器跳转UITests.xctest */,
			);
			name = Products;
			sourceTree = "<group>";
		};
		44166FB41F5FF9B600FB65B4 /* 万能控制器跳转 */ = {
			isa = PBXGroup;
			children = (
				44166FB81F5FF9B600FB65B4 /* AppDelegate.h */,
				44166FB91F5FF9B700FB65B4 /* AppDelegate.m */,
				44166FBB1F5FF9B700FB65B4 /* ViewController.h */,
				44166FBC1F5FF9B700FB65B4 /* ViewController.m */,
				44166FBE1F5FF9B700FB65B4 /* Main.storyboard */,
				44166FC11F5FF9B700FB65B4 /* Assets.xcassets */,
				44166FC31F5FF9B700FB65B4 /* LaunchScreen.storyboard */,
				44166FC61F5FF9B700FB65B4 /* Info.plist */,
				44166FB51F5FF9B600FB65B4 /* Supporting Files */,
				44166FEB1F6001AA00FB65B4 /* JMMainViewController.h */,
				44166FEC1F6001AA00FB65B4 /* JMMainViewController.m */,
			);
			path = "万能控制器跳转";
			sourceTree = "<group>";
		};
		44166FB51F5FF9B600FB65B4 /* Supporting Files */ = {
			isa = PBXGroup;
			children = (
				44166FB61F5FF9B600FB65B4 /* main.m */,
			);
			name = "Supporting Files";
			sourceTree = "<group>";
		};
		44166FCE1F5FF9B700FB65B4 /* 万能控制器跳转Tests */ = {
			isa = PBXGroup;
			children = (
				44166FCF1F5FF9B700FB65B4 /* _______Tests.m */,
				44166FD11F5FF9B700FB65B4 /* Info.plist */,
			);
			path = "万能控制器跳转Tests";
			sourceTree = "<group>";
		};
		44166FD91F5FF9B700FB65B4 /* 万能控制器跳转UITests */ = {
			isa = PBXGroup;
			children = (
				44166FDA1F5FF9B700FB65B4 /* _______UITests.m */,
				44166FDC1F5FF9B700FB65B4 /* Info.plist */,
			);
			path = "万能控制器跳转UITests";
			sourceTree = "<group>";
		};
/* End PBXGroup section */

/* Begin PBXNativeTarget section */
		44166FB11F5FF9B600FB65B4 /* 万能控制器跳转 */ = {
			isa = PBXNativeTarget;
			buildConfigurationList = 44166FDF1F5FF9B700FB65B4 /* Build configuration list for PBXNativeTarget "万能控制器跳转" */;
			buildPhases = (
				44166FAE1F5FF9B600FB65B4 /* Sources */,
				44166FAF1F5FF9B600FB65B4 /* Frameworks */,
				44166FB01F5FF9B600FB65B4 /* Resources */,
			);
			buildRules = (
			);
			dependencies = (
			);
			name = "万能控制器跳转";
			productName = "万能控制器跳转";
			productReference = 44166FB21F5FF9B600FB65B4 /* 万能控制器跳转.app */;
			productType = "com.apple.product-type.application";
		};
		44166FCA1F5FF9B700FB65B4 /* 万能控制器跳转Tests */ = {
			isa = PBXNativeTarget;
			buildConfigurationList = 44166FE21F5FF9B700FB65B4 /* Build configuration list for PBXNativeTarget "万能控制器跳转Tests" */;
			buildPhases = (
				44166FC71F5FF9B700FB65B4 /* Sources */,
				44166FC81F5FF9B700FB65B4 /* Frameworks */,
				44166FC91F5FF9B700FB65B4 /* Resources */,
			);
			buildRules = (
			);
			dependencies = (
				44166FCD1F5FF9B700FB65B4 /* PBXTargetDependency */,
			);
			name = "万能控制器跳转Tests";
			productName = "万能控制器跳转Tests";
			productReference = 44166FCB1F5FF9B700FB65B4 /* 万能控制器跳转Tests.xctest */;
			productType = "com.apple.product-type.bundle.unit-test";
		};
		44166FD51F5FF9B700FB65B4 /* 万能控制器跳转UITests */ = {
			isa = PBXNativeTarget;
			buildConfigurationList = 44166FE51F5FF9B700FB65B4 /* Build configuration list for PBXNativeTarget "万能控制器跳转UITests" */;
			buildPhases = (
				44166FD21F5FF9B700FB65B4 /* Sources */,
				44166FD31F5FF9B700FB65B4 /* Frameworks */,
				44166FD41F5FF9B700FB65B4 /* Resources */,
			);
			buildRules = (
			);
			dependencies = (
				44166FD81F5FF9B700FB65B4 /* PBXTargetDependency */,
			);
			name = "万能控制器跳转UITests";
			productName = "万能控制器跳转UITests";
			productReference = 44166FD61F5FF9B700FB65B4 /* 万能控制器跳转UITests.xctest */;
			productType = "com.apple.product-type.bundle.ui-testing";
		};
/* End PBXNativeTarget section */

/* Begin PBXProject section */
		44166FAA1F5FF9B600FB65B4 /* Project object */ = {
			isa = PBXProject;
			attributes = {
				LastUpgradeCheck = 0830;
				ORGANIZATIONNAME = Jianmei;
				TargetAttributes = {
					44166FB11F5FF9B600FB65B4 = {
						CreatedOnToolsVersion = 8.3.3;
						ProvisioningStyle = Automatic;
					};
					44166FCA1F5FF9B700FB65B4 = {
						CreatedOnToolsVersion = 8.3.3;
						ProvisioningStyle = Automatic;
						TestTargetID = 44166FB11F5FF9B600FB65B4;
					};
					44166FD51F5FF9B700FB65B4 = {
						CreatedOnToolsVersion = 8.3.3;
						ProvisioningStyle = Automatic;
						TestTargetID = 44166FB11F5FF9B600FB65B4;
					};
				};
			};
			buildConfigurationList = 44166FAD1F5FF9B600FB65B4 /* Build configuration list for PBXProject "万能控制器跳转" */;
			compatibilityVersion = "Xcode 3.2";
			developmentRegion = English;
			hasScannedForEncodings = 0;
			knownRegions = (
				en,
				Base,
			);
			mainGroup = 44166FA91F5FF9B600FB65B4;
			productRefGroup = 44166FB31F5FF9B600FB65B4 /* Products */;
			projectDirPath = "";
			projectRoot = "";
			targets = (
				44166FB11F5FF9B600FB65B4 /* 万能控制器跳转 */,
				44166FCA1F5FF9B700FB65B4 /* 万能控制器跳转Tests */,
				44166FD51F5FF9B700FB65B4 /* 万能控制器跳转UITests */,
			);
		};
/* End PBXProject section */

/* Begin PBXResourcesBuildPhase section */
		44166FB01F5FF9B600FB65B4 /* Resources */ = {
			isa = PBXResourcesBuildPhase;
			buildActionMask = 2147483647;
			files = (
				44166FC51F5FF9B700FB65B4 /* LaunchScreen.storyboard in Resources */,
				44166FC21F5FF9B700FB65B4 /* Assets.xcassets in Resources */,
				44166FC01F5FF9B700FB65B4 /* Main.storyboard in Resources */,
			);
			runOnlyForDeploymentPostprocessing = 0;
		};
		44166FC91F5FF9B700FB65B4 /* Resources */ = {
			isa = PBXResourcesBuildPhase;
			buildActionMask = 2147483647;
			files = (
			);
			runOnlyForDeploymentPostprocessing = 0;
		};
		44166FD41F5FF9B700FB65B4 /* Resources */ = {
			isa = PBXResourcesBuildPhase;
			buildActionMask = 2147483647;
			files = (
			);
			runOnlyForDeploymentPostprocessing = 0;
		};
/* End PBXResourcesBuildPhase section */

/* Begin PBXSourcesBuildPhase section */
		44166FAE1F5FF9B600FB65B4 /* Sources */ = {
			isa = PBXSourcesBuildPhase;
			buildActionMask = 2147483647;
			files = (
				44166FED1F6001AA00FB65B4 /* JMMainViewController.m in Sources */,
				44166FBD1F5FF9B700FB65B4 /* ViewController.m in Sources */,
				44166FBA1F5FF9B700FB65B4 /* AppDelegate.m in Sources */,
				44166FB71F5FF9B600FB65B4 /* main.m in Sources */,
			);
			runOnlyForDeploymentPostprocessing = 0;
		};
		44166FC71F5FF9B700FB65B4 /* Sources */ = {
			isa = PBXSourcesBuildPhase;
			buildActionMask = 2147483647;
			files = (
				44166FD01F5FF9B700FB65B4 /* _______Tests.m in Sources */,
			);
			runOnlyForDeploymentPostprocessing = 0;
		};
		44166FD21F5FF9B700FB65B4 /* Sources */ = {
			isa = PBXSourcesBuildPhase;
			buildActionMask = 2147483647;
			files = (
				44166FDB1F5FF9B700FB65B4 /* _______UITests.m in Sources */,
			);
			runOnlyForDeploymentPostprocessing = 0;
		};
/* End PBXSourcesBuildPhase section */

/* Begin PBXTargetDependency section */
		44166FCD1F5FF9B700FB65B4 /* PBXTargetDependency */ = {
			isa = PBXTargetDependency;
			target = 44166FB11F5FF9B600FB65B4 /* 万能控制器跳转 */;
			targetProxy = 44166FCC1F5FF9B700FB65B4 /* PBXContainerItemProxy */;
		};
		44166FD81F5FF9B700FB65B4 /* PBXTargetDependency */ = {
			isa = PBXTargetDependency;
			target = 44166FB11F5FF9B600FB65B4 /* 万能控制器跳转 */;
			targetProxy = 44166FD71F5FF9B700FB65B4 /* PBXContainerItemProxy */;
		};
/* End PBXTargetDependency section */

/* Begin PBXVariantGroup section */
		44166FBE1F5FF9B700FB65B4 /* Main.storyboard */ = {
			isa = PBXVariantGroup;
			children = (
				44166FBF1F5FF9B700FB65B4 /* Base */,
			);
			name = Main.storyboard;
			sourceTree = "<group>";
		};
		44166FC31F5FF9B700FB65B4 /* LaunchScreen.storyboard */ = {
			isa = PBXVariantGroup;
			children = (
				44166FC41F5FF9B700FB65B4 /* Base */,
			);
			name = LaunchScreen.storyboard;
			sourceTree = "<group>";
		};
/* End PBXVariantGroup section */

/* Begin XCBuildConfiguration section */
		44166FDD1F5FF9B700FB65B4 /* Debug */ = {
			isa = XCBuildConfiguration;
			buildSettings = {
				ALWAYS_SEARCH_USER_PATHS = NO;
				CLANG_ANALYZER_NONNULL = YES;
				CLANG_ANALYZER_NUMBER_OBJECT_CONVERSION = YES_AGGRESSIVE;
				CLANG_CXX_LANGUAGE_STANDARD = "gnu++0x";
				CLANG_CXX_LIBRARY = "libc++";
				CLANG_ENABLE_MODULES = YES;
				CLANG_ENABLE_OBJC_ARC = YES;
				CLANG_WARN_BOOL_CONVERSION = YES;
				CLANG_WARN_CONSTANT_CONVERSION = YES;
				CLANG_WARN_DIRECT_OBJC_ISA_USAGE = YES_ERROR;
				CLANG_WARN_DOCUMENTATION_COMMENTS = YES;
				CLANG_WARN_EMPTY_BODY = YES;
				CLANG_WARN_ENUM_CONVERSION = YES;
				CLANG_WARN_INFINITE_RECURSION = YES;
				CLANG_WARN_INT_CONVERSION = YES;
				CLANG_WARN_OBJC_ROOT_CLASS = YES_ERROR;
				CLANG_WARN_SUSPICIOUS_MOVE = YES;
				CLANG_WARN_UNREACHABLE_CODE = YES;
				CLANG_WARN__DUPLICATE_METHOD_MATCH = YES;
				"CODE_SIGN_IDENTITY[sdk=iphoneos*]" = "iPhone Developer";
				COPY_PHASE_STRIP = NO;
				DEBUG_INFORMATION_FORMAT = dwarf;
				ENABLE_STRICT_OBJC_MSGSEND = YES;
				ENABLE_TESTABILITY = YES;
				GCC_C_LANGUAGE_STANDARD = gnu99;
				GCC_DYNAMIC_NO_PIC = NO;
				GCC_NO_COMMON_BLOCKS = YES;
				GCC_OPTIMIZATION_LEVEL = 0;
				GCC_PREPROCESSOR_DEFINITIONS = (
					"DEBUG=1",
					"$(inherited)",
				);
				GCC_WARN_64_TO_32_BIT_CONVERSION = YES;
				GCC_WARN_ABOUT_RETURN_TYPE = YES_ERROR;
				GCC_WARN_UNDECLARED_SELECTOR = YES;
				GCC_WARN_UNINITIALIZED_AUTOS = YES_AGGRESSIVE;
				GCC_WARN_UNUSED_FUNCTION = YES;
				GCC_WARN_UNUSED_VARIABLE = YES;
				IPHONEOS_DEPLOYMENT_TARGET = 10.3;
				MTL_ENABLE_DEBUG_INFO = YES;
				ONLY_ACTIVE_ARCH = YES;
				SDKROOT = iphoneos;
				TARGETED_DEVICE_FAMILY = "1,2";
			};
			name = Debug;
		};
		44166FDE1F5FF9B700FB65B4 /* Release */ = {
			isa = XCBuildConfiguration;
			buildSettings = {
				ALWAYS_SEARCH_USER_PATHS = NO;
				CLANG_ANALYZER_NONNULL = YES;
				CLANG_ANALYZER_NUMBER_OBJECT_CONVERSION = YES_AGGRESSIVE;
				CLANG_CXX_LANGUAGE_STANDARD = "gnu++0x";
				CLANG_CXX_LIBRARY = "libc++";
				CLANG_ENABLE_MODULES = YES;
				CLANG_ENABLE_OBJC_ARC = YES;
				CLANG_WARN_BOOL_CONVERSION = YES;
				CLANG_WARN_CONSTANT_CONVERSION = YES;
				CLANG_WARN_DIRECT_OBJC_ISA_USAGE = YES_ERROR;
				CLANG_WARN_DOCUMENTATION_COMMENTS = YES;
				CLANG_WARN_EMPTY_BODY = YES;
				CLANG_WARN_ENUM_CONVERSION = YES;
				CLANG_WARN_INFINITE_RECURSION = YES;
				CLANG_WARN_INT_CONVERSION = YES;
				CLANG_WARN_OBJC_ROOT_CLASS = YES_ERROR;
				CLANG_WARN_SUSPICIOUS_MOVE = YES;
				CLANG_WARN_UNREACHABLE_CODE = YES;
				CLANG_WARN__DUPLICATE_METHOD_MATCH = YES;
				"CODE_SIGN_IDENTITY[sdk=iphoneos*]" = "iPhone Developer";
				COPY_PHASE_STRIP = NO;
				DEBUG_INFORMATION_FORMAT = "dwarf-with-dsym";
				ENABLE_NS_ASSERTIONS = NO;
				ENABLE_STRICT_OBJC_MSGSEND = YES;
				GCC_C_LANGUAGE_STANDARD = gnu99;
				GCC_NO_COMMON_BLOCKS = YES;
				GCC_WARN_64_TO_32_BIT_CONVERSION = YES;
				GCC_WARN_ABOUT_RETURN_TYPE = YES_ERROR;
				GCC_WARN_UNDECLARED_SELECTOR = YES;
				GCC_WARN_UNINITIALIZED_AUTOS = YES_AGGRESSIVE;
				GCC_WARN_UNUSED_FUNCTION = YES;
				GCC_WARN_UNUSED_VARIABLE = YES;
				IPHONEOS_DEPLOYMENT_TARGET = 10.3;
				MTL_ENABLE_DEBUG_INFO = NO;
				SDKROOT = iphoneos;
				TARGETED_DEVICE_FAMILY = "1,2";
				VALIDATE_PRODUCT = YES;
			};
			name = Release;
		};
		44166FE01F5FF9B700FB65B4 /* Debug */ = {
			isa = XCBuildConfiguration;
			buildSettings = {
				ASSETCATALOG_COMPILER_APPICON_NAME = AppIcon;
				INFOPLIST_FILE = "万能控制器跳转/Info.plist";
				LD_RUNPATH_SEARCH_PATHS = "$(inherited) @executable_path/Frameworks";
				PRODUCT_BUNDLE_IDENTIFIER = "gome.cn.-------";
				PRODUCT_NAME = "$(TARGET_NAME)";
			};
			name = Debug;
		};
		44166FE11F5FF9B700FB65B4 /* Release */ = {
			isa = XCBuildConfiguration;
			buildSettings = {
				ASSETCATALOG_COMPILER_APPICON_NAME = AppIcon;
				INFOPLIST_FILE = "万能控制器跳转/Info.plist";
				LD_RUNPATH_SEARCH_PATHS = "$(inherited) @executable_path/Frameworks";
				PRODUCT_BUNDLE_IDENTIFIER = "gome.cn.-------";
				PRODUCT_NAME = "$(TARGET_NAME)";
			};
			name = Release;
		};
		44166FE31F5FF9B700FB65B4 /* Debug */ = {
			isa = XCBuildConfiguration;
			buildSettings = {
				BUNDLE_LOADER = "$(TEST_HOST)";
				INFOPLIST_FILE = "万能控制器跳转Tests/Info.plist";
				LD_RUNPATH_SEARCH_PATHS = "$(inherited) @executable_path/Frameworks @loader_path/Frameworks";
				PRODUCT_BUNDLE_IDENTIFIER = "gome.cn.-------Tests";
				PRODUCT_NAME = "$(TARGET_NAME)";
				TEST_HOST = "$(BUILT_PRODUCTS_DIR)/万能控制器跳转.app/万能控制器跳转";
			};
			name = Debug;
		};
		44166FE41F5FF9B700FB65B4 /* Release */ = {
			isa = XCBuildConfiguration;
			buildSettings = {
				BUNDLE_LOADER = "$(TEST_HOST)";
				INFOPLIST_FILE = "万能控制器跳转Tests/Info.plist";
				LD_RUNPATH_SEARCH_PATHS = "$(inherited) @executable_path/Frameworks @loader_path/Frameworks";
				PRODUCT_BUNDLE_IDENTIFIER = "gome.cn.-------Tests";
				PRODUCT_NAME = "$(TARGET_NAME)";
				TEST_HOST = "$(BUILT_PRODUCTS_DIR)/万能控制器跳转.app/万能控制器跳转";
			};
			name = Release;
		};
		44166FE61F5FF9B700FB65B4 /* Debug */ = {
			isa = XCBuildConfiguration;
			buildSettings = {
				INFOPLIST_FILE = "万能控制器跳转UITests/Info.plist";
				LD_RUNPATH_SEARCH_PATHS = "$(inherited) @executable_path/Frameworks @loader_path/Frameworks";
				PRODUCT_BUNDLE_IDENTIFIER = "gome.cn.-------UITests";
				PRODUCT_NAME = "$(TARGET_NAME)";
				TEST_TARGET_NAME = "万能控制器跳转";
			};
			name = Debug;
		};
		44166FE71F5FF9B700FB65B4 /* Release */ = {
			isa = XCBuildConfiguration;
			buildSettings = {
				INFOPLIST_FILE = "万能控制器跳转UITests/Info.plist";
				LD_RUNPATH_SEARCH_PATHS = "$(inherited) @executable_path/Frameworks @loader_path/Frameworks";
				PRODUCT_BUNDLE_IDENTIFIER = "gome.cn.-------UITests";
				PRODUCT_NAME = "$(TARGET_NAME)";
				TEST_TARGET_NAME = "万能控制器跳转";
			};
			name = Release;
		};
/* End XCBuildConfiguration section */

/* Begin XCConfigurationList section */
		44166FAD1F5FF9B600FB65B4 /* Build configuration list for PBXProject "万能控制器跳转" */ = {
			isa = XCConfigurationList;
			buildConfigurations = (
				44166FDD1F5FF9B700FB65B4 /* Debug */,
				44166FDE1F5FF9B700FB65B4 /* Release */,
			);
			defaultConfigurationIsVisible = 0;
			defaultConfigurationName = Release;
		};
		44166FDF1F5FF9B700FB65B4 /* Build configuration list for PBXNativeTarget "万能控制器跳转" */ = {
			isa = XCConfigurationList;
			buildConfigurations = (
				44166FE01F5FF9B700FB65B4 /* Debug */,
				44166FE11F5FF9B700FB65B4 /* Release */,
			);
			defaultConfigurationIsVisible = 0;
			defaultConfigurationName = Release;
		};
		44166FE21F5FF9B700FB65B4 /* Build configuration list for PBXNativeTarget "万能控制器跳转Tests" */ = {
			isa = XCConfigurationList;
			buildConfigurations = (
				44166FE31F5FF9B700FB65B4 /* Debug */,
				44166FE41F5FF9B700FB65B4 /* Release */,
			);
			defaultConfigurationIsVisible = 0;
			defaultConfigurationName = Release;
		};
		44166FE51F5FF9B700FB65B4 /* Build configuration list for PBXNativeTarget "万能控制器跳转UITests" */ = {
			isa = XCConfigurationList;
			buildConfigurations = (
				44166FE61F5FF9B700FB65B4 /* Debug */,
				44166FE71F5FF9B700FB65B4 /* Release */,
			);
			defaultConfigurationIsVisible = 0;
			defaultConfigurationName = Release;
		};
/* End XCConfigurationList section */
	};
	rootObject = 44166FAA1F5FF9B600FB65B4 /* Project object */;
}
